// !$*UTF8*$!
{
	archiveVersion = 1;
	classes = {
	};
	objectVersion = 46;
	objects = {

/* Begin PBXBuildFile section */
		83AE55021A1E4352008AA04E /* main.m in Sources */ = {isa = PBXBuildFile; fileRef = 83AE55011A1E4352008AA04E /* main.m */; };
		83AE55051A1E4352008AA04E /* AppDelegate.m in Sources */ = {isa = PBXBuildFile; fileRef = 83AE55041A1E4352008AA04E /* AppDelegate.m */; };
		83AE55081A1E4352008AA04E /* ViewController.m in Sources */ = {isa = PBXBuildFile; fileRef = 83AE55071A1E4352008AA04E /* ViewController.m */; };
		83AE550B1A1E4352008AA04E /* Main.storyboard in Resources */ = {isa = PBXBuildFile; fileRef = 83AE55091A1E4352008AA04E /* Main.storyboard */; };
		83AE550D1A1E4352008AA04E /* Images.xcassets in Resources */ = {isa = PBXBuildFile; fileRef = 83AE550C1A1E4352008AA04E /* Images.xcassets */; };
		83AE55101A1E4352008AA04E /* LaunchScreen.xib in Resources */ = {isa = PBXBuildFile; fileRef = 83AE550E1A1E4352008AA04E /* LaunchScreen.xib */; };
		83AE551C1A1E4352008AA04E /* PhotoLikeTests.m in Sources */ = {isa = PBXBuildFile; fileRef = 83AE551B1A1E4352008AA04E /* PhotoLikeTests.m */; };
/* End PBXBuildFile section */

/* Begin PBXContainerItemProxy section */
		83AE55161A1E4352008AA04E /* PBXContainerItemProxy */ = {
			isa = PBXContainerItemProxy;
			containerPortal = 83AE54F41A1E4352008AA04E /* Project object */;
			proxyType = 1;
			remoteGlobalIDString = 83AE54FB1A1E4352008AA04E;
			remoteInfo = PhotoLike;
		};
/* End PBXContainerItemProxy section */

/* Begin PBXFileReference section */
		839F16F11A1E48AC000879CA /* Common.h */ = {isa = PBXFileReference; fileEncoding = 4; lastKnownFileType = sourcecode.c.h; path = Common.h; sourceTree = "<group>"; };
		83AE54FC1A1E4352008AA04E /* PhotoLike.app */ = {isa = PBXFileReference; explicitFileType = wrapper.application; includeInIndex = 0; path = PhotoLike.app; sourceTree = BUILT_PRODUCTS_DIR; };
		83AE55001A1E4352008AA04E /* Info.plist */ = {isa = PBXFileReference; lastKnownFileType = text.plist.xml; path = Info.plist; sourceTree = "<group>"; };
		83AE55011A1E4352008AA04E /* main.m */ = {isa = PBXFileReference; lastKnownFileType = sourcecode.c.objc; path = main.m; sourceTree = "<group>"; };
		83AE55031A1E4352008AA04E /* AppDelegate.h */ = {isa = PBXFileReference; lastKnownFileType = sourcecode.c.h; path = AppDelegate.h; sourceTree = "<group>"; };
		83AE55041A1E4352008AA04E /* AppDelegate.m */ = {isa = PBXFileReference; lastKnownFileType = sourcecode.c.objc; path = AppDelegate.m; sourceTree = "<group>"; };
		83AE55061A1E4352008AA04E /* ViewController.h */ = {isa = PBXFileReference; lastKnownFileType = sourcecode.c.h; path = ViewController.h; sourceTree = "<group>"; };
		83AE55071A1E4352008AA04E /* ViewController.m */ = {isa = PBXFileReference; lastKnownFileType = sourcecode.c.objc; path = ViewController.m; sourceTree = "<group>"; };
		83AE550A1A1E4352008AA04E /* Base */ = {isa = PBXFileReference; lastKnownFileType = file.storyboard; name = Base; path = Base.lproj/Main.storyboard; sourceTree = "<group>"; };
		83AE550C1A1E4352008AA04E /* Images.xcassets */ = {isa = PBXFileReference; lastKnownFileType = folder.assetcatalog; path = Images.xcassets; sourceTree = "<group>"; };
		83AE550F1A1E4352008AA04E /* Base */ = {isa = PBXFileReference; lastKnownFileType = file.xib; name = Base; path = Base.lproj/LaunchScreen.xib; sourceTree = "<group>"; };
		83AE55151A1E4352008AA04E /* PhotoLikeTests.xctest */ = {isa = PBXFileReference; explicitFileType = wrapper.cfbundle; includeInIndex = 0; path = PhotoLikeTests.xctest; sourceTree = BUILT_PRODUCTS_DIR; };
		83AE551A1A1E4352008AA04E /* Info.plist */ = {isa = PBXFileReference; lastKnownFileType = text.plist.xml; path = Info.plist; sourceTree = "<group>"; };
		83AE551B1A1E4352008AA04E /* PhotoLikeTests.m */ = {isa = PBXFileReference; lastKnownFileType = sourcecode.c.objc; path = PhotoLikeTests.m; sourceTree = "<group>"; };
/* End PBXFileReference section */

/* Begin PBXFrameworksBuildPhase section */
		83AE54F91A1E4352008AA04E /* Frameworks */ = {
			isa = PBXFrameworksBuildPhase;
			buildActionMask = 2147483647;
			files = (
			);
			runOnlyForDeploymentPostprocessing = 0;
		};
		83AE55121A1E4352008AA04E /* Frameworks */ = {
			isa = PBXFrameworksBuildPhase;
			buildActionMask = 2147483647;
			files = (
			);
			runOnlyForDeploymentPostprocessing = 0;
		};
/* End PBXFrameworksBuildPhase section */

/* Begin PBXGroup section */
		83AE54F31A1E4352008AA04E = {
			isa = PBXGroup;
			children = (
				83AE54FE1A1E4352008AA04E /* PhotoLike */,
				83AE55181A1E4352008AA04E /* PhotoLikeTests */,
				83AE54FD1A1E4352008AA04E /* Products */,
			);
			sourceTree = "<group>";
		};
		83AE54FD1A1E4352008AA04E /* Products */ = {
			isa = PBXGroup;
			children = (
				83AE54FC1A1E4352008AA04E /* PhotoLike.app */,
				83AE55151A1E4352008AA04E /* PhotoLikeTests.xctest */,
			);
			name = Products;
			sourceTree = "<group>";
		};
		83AE54FE1A1E4352008AA04E /* PhotoLike */ = {
			isa = PBXGroup;
			children = (
				83AE55031A1E4352008AA04E /* AppDelegate.h */,
				83AE55041A1E4352008AA04E /* AppDelegate.m */,
				83AE55061A1E4352008AA04E /* ViewController.h */,
				83AE55071A1E4352008AA04E /* ViewController.m */,
				83AE55091A1E4352008AA04E /* Main.storyboard */,
				83AE550C1A1E4352008AA04E /* Images.xcassets */,
				83AE550E1A1E4352008AA04E /* LaunchScreen.xib */,
				83AE54FF1A1E4352008AA04E /* Supporting Files */,
				839F16F11A1E48AC000879CA /* Common.h */,
			);
			path = PhotoLike;
			sourceTree = "<group>";
		};
		83AE54FF1A1E4352008AA04E /* Supporting Files */ = {
			isa = PBXGroup;
			children = (
				83AE55001A1E4352008AA04E /* Info.plist */,
				83AE55011A1E4352008AA04E /* main.m */,
			);
			name = "Supporting Files";
			sourceTree = "<group>";
		};
		83AE55181A1E4352008AA04E /* PhotoLikeTests */ = {
			isa = PBXGroup;
			children = (
				83AE551B1A1E4352008AA04E /* PhotoLikeTests.m */,
				83AE55191A1E4352008AA04E /* Supporting Files */,
			);
			path = PhotoLikeTests;
			sourceTree = "<group>";
		};
		83AE55191A1E4352008AA04E /* Supporting Files */ = {
			isa = PBXGroup;
			children = (
				83AE551A1A1E4352008AA04E /* Info.plist */,
			);
			name = "Supporting Files";
			sourceTree = "<group>";
		};
/* End PBXGroup section */

/* Begin PBXNativeTarget section */
		83AE54FB1A1E4352008AA04E /* PhotoLike */ = {
			isa = PBXNativeTarget;
			buildConfigurationList = 83AE551F1A1E4352008AA04E /* Build configuration list for PBXNativeTarget "PhotoLike" */;
			buildPhases = (
				83AE54F81A1E4352008AA04E /* Sources */,
				83AE54F91A1E4352008AA04E /* Frameworks */,
				83AE54FA1A1E4352008AA04E /* Resources */,
			);
			buildRules = (
			);
			dependencies = (
			);
			name = PhotoLike;
			productName = PhotoLike;
			productReference = 83AE54FC1A1E4352008AA04E /* PhotoLike.app */;
			productType = "com.apple.product-type.application";
		};
		83AE55141A1E4352008AA04E /* PhotoLikeTests */ = {
			isa = PBXNativeTarget;
			buildConfigurationList = 83AE55221A1E4352008AA04E /* Build configuration list for PBXNativeTarget "PhotoLikeTests" */;
			buildPhases = (
				83AE55111A1E4352008AA04E /* Sources */,
				83AE55121A1E4352008AA04E /* Frameworks */,
				83AE55131A1E4352008AA04E /* Resources */,
			);
			buildRules = (
			);
			dependencies = (
				83AE55171A1E4352008AA04E /* PBXTargetDependency */,
			);
			name = PhotoLikeTests;
			productName = PhotoLikeTests;
			productReference = 83AE55151A1E4352008AA04E /* PhotoLikeTests.xctest */;
			productType = "com.apple.product-type.bundle.unit-test";
		};
/* End PBXNativeTarget section */

/* Begin PBXProject section */
		83AE54F41A1E4352008AA04E /* Project object */ = {
			isa = PBXProject;
			attributes = {
				LastUpgradeCheck = 0610;
				ORGANIZATIONNAME = chris;
				TargetAttributes = {
					83AE54FB1A1E4352008AA04E = {
						CreatedOnToolsVersion = 6.1;
					};
					83AE55141A1E4352008AA04E = {
						CreatedOnToolsVersion = 6.1;
						TestTargetID = 83AE54FB1A1E4352008AA04E;
					};
				};
			};
			buildConfigurationList = 83AE54F71A1E4352008AA04E /* Build configuration list for PBXProject "PhotoLike" */;
			compatibilityVersion = "Xcode 3.2";
			developmentRegion = English;
			hasScannedForEncodings = 0;
			knownRegions = (
				en,
				Base,
			);
			mainGroup = 83AE54F31A1E4352008AA04E;
			productRefGroup = 83AE54FD1A1E4352008AA04E /* Products */;
			projectDirPath = "";
			projectRoot = "";
			targets = (
				83AE54FB1A1E4352008AA04E /* PhotoLike */,
				83AE55141A1E4352008AA04E /* PhotoLikeTests */,
			);
		};
/* End PBXProject section */

/* Begin PBXResourcesBuildPhase section */
		83AE54FA1A1E4352008AA04E /* Resources */ = {
			isa = PBXResourcesBuildPhase;
			buildActionMask = 2147483647;
			files = (
				83AE550B1A1E4352008AA04E /* Main.storyboard in Resources */,
				83AE55101A1E4352008AA04E /* LaunchScreen.xib in Resources */,
				83AE550D1A1E4352008AA04E /* Images.xcassets in Resources */,
			);
			runOnlyForDeploymentPostprocessing = 0;
		};
		83AE55131A1E4352008AA04E /* Resources */ = {
			isa = PBXResourcesBuildPhase;
			buildActionMask = 2147483647;
			files = (
			);
			runOnlyForDeploymentPostprocessing = 0;
		};
/* End PBXResourcesBuildPhase section */

/* Begin PBXSourcesBuildPhase section */
		83AE54F81A1E4352008AA04E /* Sources */ = {
			isa = PBXSourcesBuildPhase;
			buildActionMask = 2147483647;
			files = (
				83AE55081A1E4352008AA04E /* ViewController.m in Sources */,
				83AE55051A1E4352008AA04E /* AppDelegate.m in Sources */,
				83AE55021A1E4352008AA04E /* main.m in Sources */,
			);
			runOnlyForDeploymentPostprocessing = 0;
		};
		83AE55111A1E4352008AA04E /* Sources */ = {
			isa = PBXSourcesBuildPhase;
			buildActionMask = 2147483647;
			files = (
				83AE551C1A1E4352008AA04E /* PhotoLikeTests.m in Sources */,
			);
			runOnlyForDeploymentPostprocessing = 0;
		};
/* End PBXSourcesBuildPhase section */

/* Begin PBXTargetDependency section */
		83AE55171A1E4352008AA04E /* PBXTargetDependency */ = {
			isa = PBXTargetDependency;
			target = 83AE54FB1A1E4352008AA04E /* PhotoLike */;
			targetProxy = 83AE55161A1E4352008AA04E /* PBXContainerItemProxy */;
		};
/* End PBXTargetDependency section */

/* Begin PBXVariantGroup section */
		83AE55091A1E4352008AA04E /* Main.storyboard */ = {
			isa = PBXVariantGroup;
			children = (
				83AE550A1A1E4352008AA04E /* Base */,
			);
			name = Main.storyboard;
			sourceTree = "<group>";
		};
		83AE550E1A1E4352008AA04E /* LaunchScreen.xib */ = {
			isa = PBXVariantGroup;
			children = (
				83AE550F1A1E4352008AA04E /* Base */,
			);
			name = LaunchScreen.xib;
			sourceTree = "<group>";
		};
/* End PBXVariantGroup section */

/* Begin XCBuildConfiguration section */
		83AE551D1A1E4352008AA04E /* Debug */ = {
			isa = XCBuildConfiguration;
			buildSettings = {
				ALWAYS_SEARCH_USER_PATHS = NO;
				CLANG_CXX_LANGUAGE_STANDARD = "gnu++0x";
				CLANG_CXX_LIBRARY = "libc++";
				CLANG_ENABLE_MODULES = YES;
				CLANG_ENABLE_OBJC_ARC = YES;
				CLANG_WARN_BOOL_CONVERSION = YES;
				CLANG_WARN_CONSTANT_CONVERSION = YES;
				CLANG_WARN_DIRECT_OBJC_ISA_USAGE = YES_ERROR;
				CLANG_WARN_EMPTY_BODY = YES;
				CLANG_WARN_ENUM_CONVERSION = YES;
				CLANG_WARN_INT_CONVERSION = YES;
				CLANG_WARN_OBJC_ROOT_CLASS = YES_ERROR;
				CLANG_WARN_UNREACHABLE_CODE = YES;
				CLANG_WARN__DUPLICATE_METHOD_MATCH = YES;
				"CODE_SIGN_IDENTITY[sdk=iphoneos*]" = "iPhone Developer";
				COPY_PHASE_STRIP = NO;
				ENABLE_STRICT_OBJC_MSGSEND = YES;
				GCC_C_LANGUAGE_STANDARD = gnu99;
				GCC_DYNAMIC_NO_PIC = NO;
				GCC_OPTIMIZATION_LEVEL = 0;
				GCC_PREPROCESSOR_DEFINITIONS = (
					"DEBUG=1",
					"$(inherited)",
				);
				GCC_SYMBOLS_PRIVATE_EXTERN = NO;
				GCC_WARN_64_TO_32_BIT_CONVERSION = YES;
				GCC_WARN_ABOUT_RETURN_TYPE = YES_ERROR;
				GCC_WARN_UNDECLARED_SELECTOR = YES;
				GCC_WARN_UNINITIALIZED_AUTOS = YES_AGGRESSIVE;
				GCC_WARN_UNUSED_FUNCTION = YES;
				GCC_WARN_UNUSED_VARIABLE = YES;
				IPHONEOS_DEPLOYMENT_TARGET = 7.0;
				MTL_ENABLE_DEBUG_INFO = YES;
				ONLY_ACTIVE_ARCH = YES;
				SDKROOT = iphoneos;
			};
			name = Debug;
		};
		83AE551E1A1E4352008AA04E /* Release */ = {
			isa = XCBuildConfiguration;
			buildSettings = {
				ALWAYS_SEARCH_USER_PATHS = NO;
				CLANG_CXX_LANGUAGE_STANDARD = "gnu++0x";
				CLANG_CXX_LIBRARY = "libc++";
				CLANG_ENABLE_MODULES = YES;
				CLANG_ENABLE_OBJC_ARC = YES;
				CLANG_WARN_BOOL_CONVERSION = YES;
				CLANG_WARN_CONSTANT_CONVERSION = YES;
				CLANG_WARN_DIRECT_OBJC_ISA_USAGE = YES_ERROR;
				CLANG_WARN_EMPTY_BODY = YES;
				CLANG_WARN_ENUM_CONVERSION = YES;
				CLANG_WARN_INT_CONVERSION = YES;
				CLANG_WARN_OBJC_ROOT_CLASS = YES_ERROR;
				CLANG_WARN_UNREACHABLE_CODE = YES;
				CLANG_WARN__DUPLICATE_METHOD_MATCH = YES;
				"CODE_SIGN_IDENTITY[sdk=iphoneos*]" = "iPhone Developer";
				COPY_PHASE_STRIP = YES;
				ENABLE_NS_ASSERTIONS = NO;
				ENABLE_STRICT_OBJC_MSGSEND = YES;
				GCC_C_LANGUAGE_STANDARD = gnu99;
				GCC_WARN_64_TO_32_BIT_CONVERSION = YES;
				GCC_WARN_ABOUT_RETURN_TYPE = YES_ERROR;
				GCC_WARN_UNDECLARED_SELECTOR = YES;
				GCC_WARN_UNINITIALIZED_AUTOS = YES_AGGRESSIVE;
				GCC_WARN_UNUSED_FUNCTION = YES;
				GCC_WARN_UNUSED_VARIABLE = YES;
				IPHONEOS_DEPLOYMENT_TARGET = 7.0;
				MTL_ENABLE_DEBUG_INFO = NO;
				SDKROOT = iphoneos;
				VALIDATE_PRODUCT = YES;
			};
			name = Release;
		};
		83AE55201A1E4352008AA04E /* Debug */ = {
			isa = XCBuildConfiguration;
			buildSettings = {
				ASSETCATALOG_COMPILER_APPICON_NAME = AppIcon;
				INFOPLIST_FILE = PhotoLike/Info.plist;
				LD_RUNPATH_SEARCH_PATHS = "$(inherited) @executable_path/Frameworks";
				PRODUCT_NAME = "$(TARGET_NAME)";
			};
			name = Debug;
		};
		83AE55211A1E4352008AA04E /* Release */ = {
			isa = XCBuildConfiguration;
			buildSettings = {
				ASSETCATALOG_COMPILER_APPICON_NAME = AppIcon;
				INFOPLIST_FILE = PhotoLike/Info.plist;
				LD_RUNPATH_SEARCH_PATHS = "$(inherited) @executable_path/Frameworks";
				PRODUCT_NAME = "$(TARGET_NAME)";
			};
			name = Release;
		};
		83AE55231A1E4352008AA04E /* Debug */ = {
			isa = XCBuildConfiguration;
			buildSettings = {
				BUNDLE_LOADER = "$(TEST_HOST)";
				FRAMEWORK_SEARCH_PATHS = (
					"$(SDKROOT)/Developer/Library/Frameworks",
					"$(inherited)",
				);
				GCC_PREPROCESSOR_DEFINITIONS = (
					"DEBUG=1",
					"$(inherited)",
				);
				INFOPLIST_FILE = PhotoLikeTests/Info.plist;
				LD_RUNPATH_SEARCH_PATHS = "$(inherited) @executable_path/Frameworks @loader_path/Frameworks";
				PRODUCT_NAME = "$(TARGET_NAME)";
				TEST_HOST = "$(BUILT_PRODUCTS_DIR)/PhotoLike.app/PhotoLike";
			};
			name = Debug;
		};
		83AE55241A1E4352008AA04E /* Release */ = {
			isa = XCBuildConfiguration;
			buildSettings = {
				BUNDLE_LOADER = "$(TEST_HOST)";
				FRAMEWORK_SEARCH_PATHS = (
					"$(SDKROOT)/Developer/Library/Frameworks",
					"$(inherited)",
				);
				INFOPLIST_FILE = PhotoLikeTests/Info.plist;
				LD_RUNPATH_SEARCH_PATHS = "$(inherited) @executable_path/Frameworks @loader_path/Frameworks";
				PRODUCT_NAME = "$(TARGET_NAME)";
				TEST_HOST = "$(BUILT_PRODUCTS_DIR)/PhotoLike.app/PhotoLike";
			};
			name = Release;
		};
/* End XCBuildConfiguration section */

/* Begin XCConfigurationList section */
		83AE54F71A1E4352008AA04E /* Build configuration list for PBXProject "PhotoLike" */ = {
			isa = XCConfigurationList;
			buildConfigurations = (
				83AE551D1A1E4352008AA04E /* Debug */,
				83AE551E1A1E4352008AA04E /* Release */,
			);
			defaultConfigurationIsVisible = 0;
			defaultConfigurationName = Release;
		};
		83AE551F1A1E4352008AA04E /* Build configuration list for PBXNativeTarget "PhotoLike" */ = {
			isa = XCConfigurationList;
			buildConfigurations = (
				83AE55201A1E4352008AA04E /* Debug */,
				83AE55211A1E4352008AA04E /* Release */,
			);
			defaultConfigurationIsVisible = 0;
			defaultConfigurationName = Release;
		};
		83AE55221A1E4352008AA04E /* Build configuration list for PBXNativeTarget "PhotoLikeTests" */ = {
			isa = XCConfigurationList;
			buildConfigurations = (
				83AE55231A1E4352008AA04E /* Debug */,
				83AE55241A1E4352008AA04E /* Release */,
			);
			defaultConfigurationIsVisible = 0;
			defaultConfigurationName = Release;
		};
/* End XCConfigurationList section */
	};
	rootObject = 83AE54F41A1E4352008AA04E /* Project object */;
}
